<?xml version="1.0" encoding="utf-8"?>
<Project ToolsVersion="4.0" xmlns="http://schemas.microsoft.com/developer/msbuild/2003">
  <ItemGroup>
    <Filter Include="리소스 파일">
      <UniqueIdentifier>{67DA6AB6-F800-4c08-8B7A-83BB121AAD01}</UniqueIdentifier>
      <Extensions>rc;ico;cur;bmp;dlg;rc2;rct;bin;rgs;gif;jpg;jpeg;jpe;resx;tiff;tif;png;wav;mfcribbon-ms</Extensions>
    </Filter>
  </ItemGroup>
  <ItemGroup>
    <ClCompile Include="TicTacToeClient.cpp" />
    <ClCompile Include="pch.cpp" />
    <ClCompile Include="Wnd.cpp" />
    <ClCompile Include="App.cpp" />
    <ClCompile Include="D2D1Core.cpp" />
    <ClCompile Include="SceneManager.cpp" />
    <ClCompile Include="Scene.cpp" />
    <ClCompile Include="MenuScene.cpp" />
    <ClCompile Include="Bitmap.cpp" />
    <ClCompile Include="ResourceManager.cpp" />
    <ClCompile Include="SingleGameScene.cpp" />
    <ClCompile Include="Button.cpp" />
    <ClCompile Include="UI.cpp" />
    <ClCompile Include="RingBuffer.cpp" />
    <ClCompile Include="TCPNetwork.cpp" />
    <ClCompile Include="Packet.cpp" />
    <ClCompile Include="PacketQueue.cpp" />
    <ClCompile Include="PacketHandler.cpp" />
    <ClCompile Include="FPS.cpp" />
    <ClCompile Include="DataManager.cpp" />
    <ClCompile Include="UDPNetwork.cpp" />
    <ClCompile Include="LoadingScene.cpp" />
    <ClCompile Include="Session.cpp" />
    <ClCompile Include="MultiGameScene.cpp" />
  </ItemGroup>
  <ItemGroup>
    <ClInclude Include="pch.h" />
    <ClInclude Include="Wnd.h" />
    <ClInclude Include="App.h" />
    <ClInclude Include="D2D1Core.h" />
    <ClInclude Include="SceneManager.h" />
    <ClInclude Include="Scene.h" />
    <ClInclude Include="MenuScene.h" />
    <ClInclude Include="Types.h" />
    <ClInclude Include="Bitmap.h" />
    <ClInclude Include="ResourceManager.h" />
    <ClInclude Include="SingleGameScene.h" />
    <ClInclude Include="Button.h" />
    <ClInclude Include="UI.h" />
    <ClInclude Include="RingBuffer.h" />
    <ClInclude Include="TCPNetwork.h" />
    <ClInclude Include="Packet.h" />
    <ClInclude Include="PacketQueue.h" />
    <ClInclude Include="PacketHandler.h" />
    <ClInclude Include="FPS.h" />
    <ClInclude Include="DataManager.h" />
    <ClInclude Include="UDPNetwork.h" />
    <ClInclude Include="LoadingScene.h" />
    <ClInclude Include="Session.h" />
    <ClInclude Include="MultiGameScene.h" />
  </ItemGroup>
</Project>